{
    "_readme": [
        "This file locks the dependencies of your project to a known state",
        "Read more about it at https://getcomposer.org/doc/01-basic-usage.md#installing-dependencies",
        "This file is @generated automatically"
    ],
    "content-hash": "76fe1f0dfea2af2e30caf193b8649e9d",
    "packages": [
        {
            "name": "litong/composer_demo",
            "version": "1.1.2",
            "source": {
                "type": "git",
                "url": "https://github.com/l1905/composer_demo.git",
                "reference": "92e2a2299b45d79a6f1f227230cc53d4af053b1b"
            },
            "dist": {
                "type": "zip",
                "url": "https://api.github.com/repos/l1905/composer_demo/zipball/92e2a2299b45d79a6f1f227230cc53d4af053b1b",
                "reference": "92e2a2299b45d79a6f1f227230cc53d4af053b1b",
                "shasum": ""
            },
            "type": "library",
            "autoload": {
                "psr-4": {
                    "litong\\composer_demo\\": "src"
                }
            },
            "notification-url": "https://packagist.org/downloads/",
            "license": [
                "MIT"
            ],
            "authors": [
                {
                    "name": "litong",
                    "email": "litonglitong@hotmail.com"
                }
            ],
            "description": "测试实践composer",
            "time": "2019-01-15T05:37:29+00:00"
        }
    ],
    "packages-dev": [],
    "aliases": [],
    "minimum-stability": "stable",
    "stability-flags": [],
    "prefer-stable": false,
    "prefer-lowest": false,
    "platform": [],
    "platform-dev": []
}
